
Microsoft Visual Studio Solution File, Format Version 12.00
# Visual Studio Version 17
VisualStudioVersion = 17.14.37216.2 d17.14
MinimumVisualStudioVersion = 10.0.40219.1
Project("{D2ABAB84-BF74-430A-B69E-9DC6D40DDA17}") = "CuboAdventureWorks", "CuboAdventureWorks\CuboAdventureWorks.dwproj", "{E3C1CABD-14A1-943D-466D-09E4D45AA7F7}"
EndProject
Global
	GlobalSection(SolutionConfigurationPlatforms) = preSolution
		Development|Default = Development|Default
	EndGlobalSection
	GlobalSection(ProjectConfigurationPlatforms) = postSolution
		{E3C1CABD-14A1-943D-466D-09E4D45AA7F7}.Development|Default.ActiveCfg = Development
		{E3C1CABD-14A1-943D-466D-09E4D45AA7F7}.Development|Default.Build.0 = Development
		{E3C1CABD-14A1-943D-466D-09E4D45AA7F7}.Development|Default.Deploy.0 = Development
	EndGlobalSection
	GlobalSection(SolutionProperties) = preSolution
		HideSolutionNode = FALSE
	EndGlobalSection
	GlobalSection(ExtensibilityGlobals) = postSolution
		SolutionGuid = {41136A71-8229-478B-B720-4013835B1D2F}
	EndGlobalSection
EndGlobal
